Microsoft Visual Studio Solution File, Format Version 11.00
# Visual Studio 2010
Project("{FAE04EC0-301F-11D3-BF4B-00C04F79EFBC}") = "Assembly-CSharp", "Assembly-CSharp.csproj", "{DD3BFD5E-16A7-6BAA-0C59-8C8847234CB7}"
EndProject
Project("{FAE04EC0-301F-11D3-BF4B-00C04F79EFBC}") = "Assembly-CSharp-firstpass", "Assembly-CSharp-firstpass.csproj", "{210BB042-2D92-241F-BF9A-5CAE202A83AF}"
EndProject
Project("{FAE04EC0-301F-11D3-BF4B-00C04F79EFBC}") = "Assembly-CSharp-Editor", "Assembly-CSharp-Editor.csproj", "{58F91C6D-380D-7798-3C19-AB0D4E24068A}"
EndProject
Global
	GlobalSection(SolutionConfigurationPlatforms) = preSolution
		Debug|Any CPU = Debug|Any CPU
		Release|Any CPU = Release|Any CPU
	EndGlobalSection
	GlobalSection(ProjectConfigurationPlatforms) = postSolution
		{DD3BFD5E-16A7-6BAA-0C59-8C8847234CB7}.Debug|Any CPU.ActiveCfg = Debug|Any CPU
		{DD3BFD5E-16A7-6BAA-0C59-8C8847234CB7}.Debug|Any CPU.Build.0 = Debug|Any CPU
		{DD3BFD5E-16A7-6BAA-0C59-8C8847234CB7}.Release|Any CPU.ActiveCfg = Release|Any CPU
		{DD3BFD5E-16A7-6BAA-0C59-8C8847234CB7}.Release|Any CPU.Build.0 = Release|Any CPU
		{210BB042-2D92-241F-BF9A-5CAE202A83AF}.Debug|Any CPU.ActiveCfg = Debug|Any CPU
		{210BB042-2D92-241F-BF9A-5CAE202A83AF}.Debug|Any CPU.Build.0 = Debug|Any CPU
		{210BB042-2D92-241F-BF9A-5CAE202A83AF}.Release|Any CPU.ActiveCfg = Release|Any CPU
		{210BB042-2D92-241F-BF9A-5CAE202A83AF}.Release|Any CPU.Build.0 = Release|Any CPU
		{58F91C6D-380D-7798-3C19-AB0D4E24068A}.Debug|Any CPU.ActiveCfg = Debug|Any CPU
		{58F91C6D-380D-7798-3C19-AB0D4E24068A}.Debug|Any CPU.Build.0 = Debug|Any CPU
		{58F91C6D-380D-7798-3C19-AB0D4E24068A}.Release|Any CPU.ActiveCfg = Release|Any CPU
		{58F91C6D-380D-7798-3C19-AB0D4E24068A}.Release|Any CPU.Build.0 = Release|Any CPU
	EndGlobalSection
	GlobalSection(SolutionProperties) = preSolution
		HideSolutionNode = FALSE
	EndGlobalSection
	GlobalSection(MonoDevelopProperties) = preSolution
		StartupItem = Assembly-CSharp.csproj
	EndGlobalSection
EndGlobal
